
Microsoft Visual Studio Solution File, Format Version 12.00
# Visual Studio Version 16
VisualStudioVersion = 16.0.30907.101
MinimumVisualStudioVersion = 10.0.40219.1
Project("{8BC9CEB8-8B4A-11D0-8D11-00A0C91BC942}") = "Bibibi", "Bibibi\Bibibi.vcxproj", "{F5447040-B03E-4E38-A043-DD327366E542}"
EndProject
Global
	GlobalSection(SolutionConfigurationPlatforms) = preSolution
		Debug|x64 = Debug|x64
		Debug|x86 = Debug|x86
		Release|x64 = Release|x64
		Release|x86 = Release|x86
	EndGlobalSection
	GlobalSection(ProjectConfigurationPlatforms) = postSolution
		{F5447040-B03E-4E38-A043-DD327366E542}.Debug|x64.ActiveCfg = Debug|x64
		{F5447040-B03E-4E38-A043-DD327366E542}.Debug|x64.Build.0 = Debug|x64
		{F5447040-B03E-4E38-A043-DD327366E542}.Debug|x86.ActiveCfg = Debug|Win32
		{F5447040-B03E-4E38-A043-DD327366E542}.Debug|x86.Build.0 = Debug|Win32
		{F5447040-B03E-4E38-A043-DD327366E542}.Release|x64.ActiveCfg = Release|x64
		{F5447040-B03E-4E38-A043-DD327366E542}.Release|x64.Build.0 = Release|x64
		{F5447040-B03E-4E38-A043-DD327366E542}.Release|x86.ActiveCfg = Release|Win32
		{F5447040-B03E-4E38-A043-DD327366E542}.Release|x86.Build.0 = Release|Win32
	EndGlobalSection
	GlobalSection(SolutionProperties) = preSolution
		HideSolutionNode = FALSE
	EndGlobalSection
	GlobalSection(ExtensibilityGlobals) = postSolution
		SolutionGuid = {4E47A381-B1A4-46EB-8401-44D00BACB248}
	EndGlobalSection
EndGlobal
